# THIS IS AN AUTOGENERATED FILE. DO NOT EDIT THIS FILE DIRECTLY.
# yarn lockfile v1


abbrev@1:
  version "1.1.0"
  resolved "https://registry.yarnpkg.com/abbrev/-/abbrev-1.1.0.tgz#d0554c2256636e2f56e7c2e5ad183f859428d81f"

async@^2.0.1:
  version "2.5.0"
  resolved "https://registry.yarnpkg.com/async/-/async-2.5.0.tgz#843190fd6b7357a0b9e1c956edddd5ec8462b54d"
  dependencies:
    lodash "^4.14.0"

balanced-match@^1.0.0:
  version "1.0.0"
  resolved "https://registry.yarnpkg.com/balanced-match/-/balanced-match-1.0.0.tgz#89b4d199ab2bee49de164ea02b89ce462d71b767"

bluebird@3.5.x:
  version "3.5.0"
  resolved "https://registry.yarnpkg.com/bluebird/-/bluebird-3.5.0.tgz#791420d7f551eea2897453a8a77653f96606d67c"

brace-expansion@^1.1.7:
  version "1.1.8"
  resolved "https://registry.yarnpkg.com/brace-expansion/-/brace-expansion-1.1.8.tgz#c07b211c7c952ec1f8efd51a77ef0d1d3990a292"
  dependencies:
    balanced-match "^1.0.0"
    concat-map "0.0.1"

buffer-from@^0.1.1:
  version "0.1.1"
  resolved "https://registry.yarnpkg.com/buffer-from/-/buffer-from-0.1.1.tgz#57b18b1da0a19ec06f33837a5275a242351bd75e"
  dependencies:
    is-array-buffer-x "^1.0.13"

cog@^1.0.0:
  version "1.1.0"
  resolved "https://registry.yarnpkg.com/cog/-/cog-1.1.0.tgz#bff31f813b7deaed5ad868bfe364f2ff9afe10b3"

concat-map@0.0.1:
  version "0.0.1"
  resolved "https://registry.yarnpkg.com/concat-map/-/concat-map-0.0.1.tgz#d8a96bd77fd68df7793a73036a3ba0d5405d477b"

core-util-is@~1.0.0:
  version "1.0.2"
  resolved "https://registry.yarnpkg.com/core-util-is/-/core-util-is-1.0.2.tgz#b5fd54220aa2bc5ab57aab7140c940754503c1a7"

debug@^2.6.1:
  version "2.6.8"
  resolved "https://registry.yarnpkg.com/debug/-/debug-2.6.8.tgz#e731531ca2ede27d188222427da17821d68ff4fc"
  dependencies:
    ms "2.0.0"

duplexer2@~0.0.2:
  version "0.0.2"
  resolved "https://registry.yarnpkg.com/duplexer2/-/duplexer2-0.0.2.tgz#c614dcf67e2fb14995a91711e5a617e8a60a31db"
  dependencies:
    readable-stream "~1.1.9"

emu@^1.0.0:
  version "1.0.0"
  resolved "https://registry.yarnpkg.com/emu/-/emu-1.0.0.tgz#ef172944dc889295bd4afe4f35298c3ec58e6edd"
  dependencies:
    literalizer "^0.4.0-a"

formatter@~0.4:
  version "0.4.1"
  resolved "https://registry.yarnpkg.com/formatter/-/formatter-0.4.1.tgz#f43afedf8f2e7454ceae02ce45567a9fa3277fb8"

fs.realpath@^1.0.0:
  version "1.0.0"
  resolved "https://registry.yarnpkg.com/fs.realpath/-/fs.realpath-1.0.0.tgz#1504ad2523158caa40db4a2787cb01411994ea4f"

gendocs@^2.0.1:
  version "2.0.1"
  resolved "https://registry.yarnpkg.com/gendocs/-/gendocs-2.0.1.tgz#662fef995f85879cd2a0ae1a9122279ca98473ea"
  dependencies:
    async "^2.0.1"
    cog "^1.0.0"
    emu "^1.0.0"
    formatter "~0.4"
    getit "^1.0.0"
    minimatch "^3.0.2"
    nopt "^3"
    out "^1.0.0"
    pull-group "^1.0.0"
    pull-stream "^2.28.4"
    sourcecat "^1.1.0"

getit@^1.0.0:
  version "1.1.0"
  resolved "https://registry.yarnpkg.com/getit/-/getit-1.1.0.tgz#819f8cb4c49530358a5a1d9ec02273ae1e5993a6"
  dependencies:
    debug "^2.6.1"
    hyperquest "^2.1.2"
    mkdirp "~0.5"
    urlish "^1.0.1"

glob@^7.0.5:
  version "7.1.2"
  resolved "https://registry.yarnpkg.com/glob/-/glob-7.1.2.tgz#c19c9df9a028702d678612384a6552404c636d15"
  dependencies:
    fs.realpath "^1.0.0"
    inflight "^1.0.4"
    inherits "2"
    minimatch "^3.0.4"
    once "^1.3.0"
    path-is-absolute "^1.0.0"

has-symbol-support-x@^1.4.0:
  version "1.4.0"
  resolved "https://registry.yarnpkg.com/has-symbol-support-x/-/has-symbol-support-x-1.4.0.tgz#442d89b1d0ac6cf5ff2f7b916ee539869b93a256"

has-to-string-tag-x@^1.4.0:
  version "1.4.0"
  resolved "https://registry.yarnpkg.com/has-to-string-tag-x/-/has-to-string-tag-x-1.4.0.tgz#49d7bcde85c2409be38ac327e3e119a451657c7b"
  dependencies:
    has-symbol-support-x "^1.4.0"

hyperquest@^2.1.2:
  version "2.1.2"
  resolved "https://registry.yarnpkg.com/hyperquest/-/hyperquest-2.1.2.tgz#95dbf6fcc74c749bae55cc39321335ddd6adc158"
  dependencies:
    buffer-from "^0.1.1"
    duplexer2 "~0.0.2"
    through2 "~0.6.3"

inflight@^1.0.4:
  version "1.0.6"
  resolved "https://registry.yarnpkg.com/inflight/-/inflight-1.0.6.tgz#49bd6331d7d02d0c09bc910a1075ba8165b56df9"
  dependencies:
    once "^1.3.0"
    wrappy "1"

inherits@2, inherits@~2.0.1:
  version "2.0.3"
  resolved "https://registry.yarnpkg.com/inherits/-/inherits-2.0.3.tgz#633c2c83e3da42a502f52466022480f4208261de"

is-array-buffer-x@^1.0.13:
  version "1.4.0"
  resolved "https://registry.yarnpkg.com/is-array-buffer-x/-/is-array-buffer-x-1.4.0.tgz#c46586ab456fdf069fa9fdf27606a74c7a8719ef"
  dependencies:
    has-to-string-tag-x "^1.4.0"
    is-object-like-x "^1.5.0"
    to-string-tag-x "^1.4.0"

is-function-x@^3.1.0:
  version "3.1.0"
  resolved "https://registry.yarnpkg.com/is-function-x/-/is-function-x-3.1.0.tgz#7f1a0e36e7b46013e4718807f0a20cc8744b63a9"
  dependencies:
    has-to-string-tag-x "^1.4.0"
    is-primitive "^2.0.0"
    normalize-space-x "^1.3.2"
    replace-comments-x "^1.0.1"
    to-string-tag-x "^1.4.0"

is-object-like-x@^1.5.0:
  version "1.5.0"
  resolved "https://registry.yarnpkg.com/is-object-like-x/-/is-object-like-x-1.5.0.tgz#036d1f5520f6016793d9e492761d70d8452f36f0"
  dependencies:
    is-function-x "^3.1.0"
    is-primitive "^2.0.0"

is-primitive@^2.0.0:
  version "2.0.0"
  resolved "https://registry.yarnpkg.com/is-primitive/-/is-primitive-2.0.0.tgz#207bab91638499c07b2adf240a41a87210034575"

is-string@^1.0.4:
  version "1.0.4"
  resolved "https://registry.yarnpkg.com/is-string/-/is-string-1.0.4.tgz#cc3a9b69857d621e963725a24caeec873b826e64"

is-symbol@^1.0.1:
  version "1.0.1"
  resolved "https://registry.yarnpkg.com/is-symbol/-/is-symbol-1.0.1.tgz#3cc59f00025194b6ab2e38dbae6689256b660572"

isarray@0.0.1:
  version "0.0.1"
  resolved "https://registry.yarnpkg.com/isarray/-/isarray-0.0.1.tgz#8a18acfca9a8f4177e09abfc6038939b05d1eedf"

literalizer@^0.4.0-a:
  version "0.4.0-a"
  resolved "https://registry.yarnpkg.com/literalizer/-/literalizer-0.4.0-a.tgz#fdefd4ede0fb26b3681003877bec02a8f035428c"

lodash.isnull@^3.0.0:
  version "3.0.0"
  resolved "https://registry.yarnpkg.com/lodash.isnull/-/lodash.isnull-3.0.0.tgz#fafbe59ea1dca27eed786534039dd84c2e07c56e"

lodash@^4.14.0:
  version "4.17.4"
  resolved "https://registry.yarnpkg.com/lodash/-/lodash-4.17.4.tgz#78203a4d1c328ae1d86dca6460e369b57f4055ae"

minimatch@^3.0.2, minimatch@^3.0.4:
  version "3.0.4"
  resolved "https://registry.yarnpkg.com/minimatch/-/minimatch-3.0.4.tgz#5166e286457f03306064be5497e8dbb0c3d32083"
  dependencies:
    brace-expansion "^1.1.7"

minimist@0.0.8:
  version "0.0.8"
  resolved "https://registry.yarnpkg.com/minimist/-/minimist-0.0.8.tgz#857fcabfc3397d2625b8228262e86aa7a011b05d"

mkdirp@~0.5:
  version "0.5.1"
  resolved "https://registry.yarnpkg.com/mkdirp/-/mkdirp-0.5.1.tgz#30057438eac6cf7f8c4767f38648d6697d75c903"
  dependencies:
    minimist "0.0.8"

ms@2.0.0:
  version "2.0.0"
  resolved "https://registry.yarnpkg.com/ms/-/ms-2.0.0.tgz#5608aeadfc00be6c2901df5f9861788de0d597c8"

nopt@^3:
  version "3.0.6"
  resolved "https://registry.yarnpkg.com/nopt/-/nopt-3.0.6.tgz#c6465dbf08abcd4db359317f79ac68a646b28ff9"
  dependencies:
    abbrev "1"

normalize-space-x@^1.3.2:
  version "1.3.2"
  resolved "https://registry.yarnpkg.com/normalize-space-x/-/normalize-space-x-1.3.2.tgz#f4e3984aea6cb9e26cf584224051ad0f18277498"
  dependencies:
    trim-x "^1.0.2"
    white-space-x "^2.0.2"

once@^1.3.0:
  version "1.4.0"
  resolved "https://registry.yarnpkg.com/once/-/once-1.4.0.tgz#583b1aa775961d4b113ac17d9c50baef9dd76bd1"
  dependencies:
    wrappy "1"

out@^1.0.0:
  version "1.0.0"
  resolved "https://registry.yarnpkg.com/out/-/out-1.0.0.tgz#1f7311fa4e0155e1067d5aa1d8f45cb201370cb1"

path-is-absolute@^1.0.0:
  version "1.0.1"
  resolved "https://registry.yarnpkg.com/path-is-absolute/-/path-is-absolute-1.0.1.tgz#174b9268735534ffbc7ace6bf53a5a9e1b5c5f5f"

pull-core@~1.1.0:
  version "1.1.0"
  resolved "https://registry.yarnpkg.com/pull-core/-/pull-core-1.1.0.tgz#3d8127d6dac1475705c9800961f59d66c8046c8a"

pull-group@^1.0.0:
  version "1.0.1"
  resolved "https://registry.yarnpkg.com/pull-group/-/pull-group-1.0.1.tgz#8cc2424c0c76c5c48c220ac5ea3a581ba614c2fe"

pull-stream@^2.28.4:
  version "2.28.4"
  resolved "https://registry.yarnpkg.com/pull-stream/-/pull-stream-2.28.4.tgz#7ea97413c1619c20bc3bdf9e10e91347b03253e4"
  dependencies:
    pull-core "~1.1.0"

"readable-stream@>=1.0.33-1 <1.1.0-0":
  version "1.0.34"
  resolved "https://registry.yarnpkg.com/readable-stream/-/readable-stream-1.0.34.tgz#125820e34bc842d2f2aaafafe4c2916ee32c157c"
  dependencies:
    core-util-is "~1.0.0"
    inherits "~2.0.1"
    isarray "0.0.1"
    string_decoder "~0.10.x"

readable-stream@~1.1.9:
  version "1.1.14"
  resolved "https://registry.yarnpkg.com/readable-stream/-/readable-stream-1.1.14.tgz#7cf4c54ef648e3813084c636dd2079e166c081d9"
  dependencies:
    core-util-is "~1.0.0"
    inherits "~2.0.1"
    isarray "0.0.1"
    string_decoder "~0.10.x"

replace-comments-x@^1.0.1:
  version "1.0.1"
  resolved "https://registry.yarnpkg.com/replace-comments-x/-/replace-comments-x-1.0.1.tgz#fbc654cccd8ef6a4f5177b6a37a72b13a5662809"
  dependencies:
    is-string "^1.0.4"

sourcecat@^1.1.0:
  version "1.1.0"
  resolved "https://registry.yarnpkg.com/sourcecat/-/sourcecat-1.1.0.tgz#305ff88ff6c61007dfa2c4c46c027ef74ab258f3"
  dependencies:
    async "^2.0.1"
    glob "^7.0.5"

string_decoder@~0.10.x:
  version "0.10.31"
  resolved "https://registry.yarnpkg.com/string_decoder/-/string_decoder-0.10.31.tgz#62e203bc41766c6c28c9fc84301dab1c5310fa94"

telnet-client@^0.15.2:
  version "0.15.2"
  resolved "https://registry.yarnpkg.com/telnet-client/-/telnet-client-0.15.2.tgz#1f57adda6acb08e670d75cafea240b1347fbbfd0"
  dependencies:
    bluebird "3.5.x"

through2@~0.6.3:
  version "0.6.5"
  resolved "https://registry.yarnpkg.com/through2/-/through2-0.6.5.tgz#41ab9c67b29d57209071410e1d7a7a968cd3ad48"
  dependencies:
    readable-stream ">=1.0.33-1 <1.1.0-0"
    xtend ">=4.0.0 <4.1.0-0"

to-string-tag-x@^1.4.0:
  version "1.4.0"
  resolved "https://registry.yarnpkg.com/to-string-tag-x/-/to-string-tag-x-1.4.0.tgz#5229990ed1953078b76612ae379c7d17fc33394b"
  dependencies:
    lodash.isnull "^3.0.0"
    validate.io-undefined "^1.0.3"

to-string-x@^1.4.0:
  version "1.4.0"
  resolved "https://registry.yarnpkg.com/to-string-x/-/to-string-x-1.4.0.tgz#20ba9639b5fcc050544d192604746fd825ce5c51"
  dependencies:
    is-symbol "^1.0.1"

trim-left-x@^1.3.3:
  version "1.3.3"
  resolved "https://registry.yarnpkg.com/trim-left-x/-/trim-left-x-1.3.3.tgz#e256e248229491edf0d084ef630a07ef08614c00"
  dependencies:
    to-string-x "^1.4.0"
    white-space-x "^2.0.2"

trim-right-x@^1.3.2:
  version "1.3.2"
  resolved "https://registry.yarnpkg.com/trim-right-x/-/trim-right-x-1.3.2.tgz#b44588d6893dcea0bd85b451cd1608e94452beb0"
  dependencies:
    to-string-x "^1.4.0"
    white-space-x "^2.0.2"

trim-x@^1.0.2:
  version "1.0.2"
  resolved "https://registry.yarnpkg.com/trim-x/-/trim-x-1.0.2.tgz#9fe511cdddcfce568259fc77b1927fbc299a7f14"
  dependencies:
    trim-left-x "^1.3.3"
    trim-right-x "^1.3.2"

urlish@^1.0.1:
  version "1.0.1"
  resolved "https://registry.yarnpkg.com/urlish/-/urlish-1.0.1.tgz#0ad9648801ff38bbbe7cf16318c59ffed90fa391"

validate.io-undefined@^1.0.3:
  version "1.0.3"
  resolved "https://registry.yarnpkg.com/validate.io-undefined/-/validate.io-undefined-1.0.3.tgz#7e27fcbb315b841e78243431897671929e20b7f4"

white-space-x@^2.0.2:
  version "2.0.2"
  resolved "https://registry.yarnpkg.com/white-space-x/-/white-space-x-2.0.2.tgz#8cd5d8858aa5d5cfa2901335718b8d8e8af8e99d"

wrappy@1:
  version "1.0.2"
  resolved "https://registry.yarnpkg.com/wrappy/-/wrappy-1.0.2.tgz#b5243d8f3ec1aa35f1364605bc0d1036e30ab69f"

"xtend@>=4.0.0 <4.1.0-0":
  version "4.0.1"
  resolved "https://registry.yarnpkg.com/xtend/-/xtend-4.0.1.tgz#a5c6d532be656e23db820efb943a1f04998d63af"
