# THIS IS AN AUTOGENERATED FILE. DO NOT EDIT THIS FILE DIRECTLY.
# yarn lockfile v1


bluebird@3.5.x:
  version "3.5.0"
  resolved "https://registry.yarnpkg.com/bluebird/-/bluebird-3.5.0.tgz#791420d7f551eea2897453a8a77653f96606d67c"

telnet-client@^0.15.2:
  version "0.15.2"
  resolved "https://registry.yarnpkg.com/telnet-client/-/telnet-client-0.15.2.tgz#1f57adda6acb08e670d75cafea240b1347fbbfd0"
  dependencies:
    bluebird "3.5.x"
